
Microsoft Visual Studio Solution File, Format Version 12.00
# Visual Studio 2013
VisualStudioVersion = 12.0.40629.0
MinimumVisualStudioVersion = 10.0.40219.1
Project("{2150E333-8FDC-42A3-9474-1A3956D46DE8}") = "ArtGalleryInitialization", "ArtGalleryInitialization", "{3EC271DC-3312-404A-8B65-FC49398E632D}"
EndProject
Project("{FAE04EC0-301F-11D3-BF4B-00C04F79EFBC}") = "ArtGallery.Models", "ArtGallery.Models\ArtGallery.Models.csproj", "{5A7ED859-C6A9-4E9E-BABD-14763BB53F24}"
EndProject
Project("{FAE04EC0-301F-11D3-BF4B-00C04F79EFBC}") = "ArtGallery.Setup", "ArtGallery.Setup\ArtGallery.Setup.csproj", "{A4644C44-10EC-46D7-8374-A8F496309671}"
EndProject
Project("{2150E333-8FDC-42A3-9474-1A3956D46DE8}") = "ArtGalleryManipulations", "ArtGalleryManipulations", "{B0F36574-C508-472A-BE67-3E81D1AA59AB}"
EndProject
Project("{FAE04EC0-301F-11D3-BF4B-00C04F79EFBC}") = "01.LoadExcelReportsImportDataMongoDbToMsSql", "01.LoadExcelReportsImportDataMongoDbToMsSql\01.LoadExcelReportsImportDataMongoDbToMsSql.csproj", "{4B8E3462-0458-4669-AA6B-3CA8EDAF7A9F}"
EndProject
Project("{FAE04EC0-301F-11D3-BF4B-00C04F79EFBC}") = "ArtGallery.EntityFrameworkModels", "ArtGaller.EntityFrameworkModels\ArtGallery.EntityFrameworkModels.csproj", "{21CC2D09-833C-46B9-9E34-546C69384C5C}"
EndProject
Project("{FAE04EC0-301F-11D3-BF4B-00C04F79EFBC}") = "ArtGallery.EntityFrameworkData", "ArtGaller.EntityFrameworkData\ArtGallery.EntityFrameworkData.csproj", "{D460447D-9C1C-4CA7-86B8-911658AAC30B}"
EndProject
Project("{FAE04EC0-301F-11D3-BF4B-00C04F79EFBC}") = "04.CreateJsonReports", "03.CreateJsonReports\04.CreateJsonReports.csproj", "{52264439-FDB4-453F-8D97-CE219671A04B}"
EndProject
Project("{FAE04EC0-301F-11D3-BF4B-00C04F79EFBC}") = "02.GeneratePdfReports", "02.GeneratePdfReports\02.GeneratePdfReports.csproj", "{85861D5C-B0A4-4E5B-9D38-0B8EF89A4A85}"
EndProject
Project("{FAE04EC0-301F-11D3-BF4B-00C04F79EFBC}") = "ArtGallery.ConsoleClient", "ArtGallery.ConsoleClient\ArtGallery.ConsoleClient.csproj", "{1FC67789-9B09-4E71-B257-4E38C4286249}"
EndProject
Project("{FAE04EC0-301F-11D3-BF4B-00C04F79EFBC}") = "05.LoadXmlIntoMongoDbAndMsSql", "05.LoadXmlIntoMongoDbAndMsSql\05.LoadXmlIntoMongoDbAndMsSql.csproj", "{9E295A33-8FD9-441B-8685-456C820E684E}"
EndProject
Project("{FAE04EC0-301F-11D3-BF4B-00C04F79EFBC}") = "06.GenerateExelReportsFromMySqlAndSqlLite", "06.GenerateExelReportsFromMySqlAndSqlLite\06.GenerateExelReportsFromMySqlAndSqlLite.csproj", "{368D5BFB-F292-4BE7-A214-DE90BCAB8C57}"
EndProject
Project("{FAE04EC0-301F-11D3-BF4B-00C04F79EFBC}") = "ArtGallery.MySqlData", "ArtGallery.MySqlData\ArtGallery.MySqlData.csproj", "{C4DB4AF0-65F9-497F-A8B4-BB823FD4A029}"
EndProject
Project("{FAE04EC0-301F-11D3-BF4B-00C04F79EFBC}") = "ArtGallery.MySqlModel", "ArtGallery.MySqlModel\ArtGallery.MySqlModel.csproj", "{14992278-261A-4E29-82E5-B45F09006F8A}"
EndProject
Global
	GlobalSection(SolutionConfigurationPlatforms) = preSolution
		Debug|Any CPU = Debug|Any CPU
		Release|Any CPU = Release|Any CPU
	EndGlobalSection
	GlobalSection(ProjectConfigurationPlatforms) = postSolution
		{5A7ED859-C6A9-4E9E-BABD-14763BB53F24}.Debug|Any CPU.ActiveCfg = Debug|Any CPU
		{5A7ED859-C6A9-4E9E-BABD-14763BB53F24}.Debug|Any CPU.Build.0 = Debug|Any CPU
		{5A7ED859-C6A9-4E9E-BABD-14763BB53F24}.Release|Any CPU.ActiveCfg = Release|Any CPU
		{5A7ED859-C6A9-4E9E-BABD-14763BB53F24}.Release|Any CPU.Build.0 = Release|Any CPU
		{A4644C44-10EC-46D7-8374-A8F496309671}.Debug|Any CPU.ActiveCfg = Debug|Any CPU
		{A4644C44-10EC-46D7-8374-A8F496309671}.Debug|Any CPU.Build.0 = Debug|Any CPU
		{A4644C44-10EC-46D7-8374-A8F496309671}.Release|Any CPU.ActiveCfg = Release|Any CPU
		{A4644C44-10EC-46D7-8374-A8F496309671}.Release|Any CPU.Build.0 = Release|Any CPU
		{4B8E3462-0458-4669-AA6B-3CA8EDAF7A9F}.Debug|Any CPU.ActiveCfg = Debug|Any CPU
		{4B8E3462-0458-4669-AA6B-3CA8EDAF7A9F}.Debug|Any CPU.Build.0 = Debug|Any CPU
		{4B8E3462-0458-4669-AA6B-3CA8EDAF7A9F}.Release|Any CPU.ActiveCfg = Release|Any CPU
		{4B8E3462-0458-4669-AA6B-3CA8EDAF7A9F}.Release|Any CPU.Build.0 = Release|Any CPU
		{21CC2D09-833C-46B9-9E34-546C69384C5C}.Debug|Any CPU.ActiveCfg = Debug|Any CPU
		{21CC2D09-833C-46B9-9E34-546C69384C5C}.Debug|Any CPU.Build.0 = Debug|Any CPU
		{21CC2D09-833C-46B9-9E34-546C69384C5C}.Release|Any CPU.ActiveCfg = Release|Any CPU
		{21CC2D09-833C-46B9-9E34-546C69384C5C}.Release|Any CPU.Build.0 = Release|Any CPU
		{D460447D-9C1C-4CA7-86B8-911658AAC30B}.Debug|Any CPU.ActiveCfg = Debug|Any CPU
		{D460447D-9C1C-4CA7-86B8-911658AAC30B}.Debug|Any CPU.Build.0 = Debug|Any CPU
		{D460447D-9C1C-4CA7-86B8-911658AAC30B}.Release|Any CPU.ActiveCfg = Release|Any CPU
		{D460447D-9C1C-4CA7-86B8-911658AAC30B}.Release|Any CPU.Build.0 = Release|Any CPU
		{52264439-FDB4-453F-8D97-CE219671A04B}.Debug|Any CPU.ActiveCfg = Debug|Any CPU
		{52264439-FDB4-453F-8D97-CE219671A04B}.Debug|Any CPU.Build.0 = Debug|Any CPU
		{52264439-FDB4-453F-8D97-CE219671A04B}.Release|Any CPU.ActiveCfg = Release|Any CPU
		{52264439-FDB4-453F-8D97-CE219671A04B}.Release|Any CPU.Build.0 = Release|Any CPU
		{85861D5C-B0A4-4E5B-9D38-0B8EF89A4A85}.Debug|Any CPU.ActiveCfg = Debug|Any CPU
		{85861D5C-B0A4-4E5B-9D38-0B8EF89A4A85}.Debug|Any CPU.Build.0 = Debug|Any CPU
		{85861D5C-B0A4-4E5B-9D38-0B8EF89A4A85}.Release|Any CPU.ActiveCfg = Release|Any CPU
		{85861D5C-B0A4-4E5B-9D38-0B8EF89A4A85}.Release|Any CPU.Build.0 = Release|Any CPU
		{1FC67789-9B09-4E71-B257-4E38C4286249}.Debug|Any CPU.ActiveCfg = Debug|Any CPU
		{1FC67789-9B09-4E71-B257-4E38C4286249}.Debug|Any CPU.Build.0 = Debug|Any CPU
		{1FC67789-9B09-4E71-B257-4E38C4286249}.Release|Any CPU.ActiveCfg = Release|Any CPU
		{1FC67789-9B09-4E71-B257-4E38C4286249}.Release|Any CPU.Build.0 = Release|Any CPU
		{9E295A33-8FD9-441B-8685-456C820E684E}.Debug|Any CPU.ActiveCfg = Debug|Any CPU
		{9E295A33-8FD9-441B-8685-456C820E684E}.Debug|Any CPU.Build.0 = Debug|Any CPU
		{9E295A33-8FD9-441B-8685-456C820E684E}.Release|Any CPU.ActiveCfg = Release|Any CPU
		{9E295A33-8FD9-441B-8685-456C820E684E}.Release|Any CPU.Build.0 = Release|Any CPU
		{368D5BFB-F292-4BE7-A214-DE90BCAB8C57}.Debug|Any CPU.ActiveCfg = Debug|Any CPU
		{368D5BFB-F292-4BE7-A214-DE90BCAB8C57}.Debug|Any CPU.Build.0 = Debug|Any CPU
		{368D5BFB-F292-4BE7-A214-DE90BCAB8C57}.Release|Any CPU.ActiveCfg = Release|Any CPU
		{368D5BFB-F292-4BE7-A214-DE90BCAB8C57}.Release|Any CPU.Build.0 = Release|Any CPU
		{C4DB4AF0-65F9-497F-A8B4-BB823FD4A029}.Debug|Any CPU.ActiveCfg = Debug|Any CPU
		{C4DB4AF0-65F9-497F-A8B4-BB823FD4A029}.Debug|Any CPU.Build.0 = Debug|Any CPU
		{C4DB4AF0-65F9-497F-A8B4-BB823FD4A029}.Release|Any CPU.ActiveCfg = Release|Any CPU
		{C4DB4AF0-65F9-497F-A8B4-BB823FD4A029}.Release|Any CPU.Build.0 = Release|Any CPU
		{14992278-261A-4E29-82E5-B45F09006F8A}.Debug|Any CPU.ActiveCfg = Debug|Any CPU
		{14992278-261A-4E29-82E5-B45F09006F8A}.Debug|Any CPU.Build.0 = Debug|Any CPU
		{14992278-261A-4E29-82E5-B45F09006F8A}.Release|Any CPU.ActiveCfg = Release|Any CPU
		{14992278-261A-4E29-82E5-B45F09006F8A}.Release|Any CPU.Build.0 = Release|Any CPU
	EndGlobalSection
	GlobalSection(SolutionProperties) = preSolution
		HideSolutionNode = FALSE
	EndGlobalSection
	GlobalSection(NestedProjects) = preSolution
		{5A7ED859-C6A9-4E9E-BABD-14763BB53F24} = {3EC271DC-3312-404A-8B65-FC49398E632D}
		{A4644C44-10EC-46D7-8374-A8F496309671} = {3EC271DC-3312-404A-8B65-FC49398E632D}
		{4B8E3462-0458-4669-AA6B-3CA8EDAF7A9F} = {B0F36574-C508-472A-BE67-3E81D1AA59AB}
		{21CC2D09-833C-46B9-9E34-546C69384C5C} = {B0F36574-C508-472A-BE67-3E81D1AA59AB}
		{D460447D-9C1C-4CA7-86B8-911658AAC30B} = {B0F36574-C508-472A-BE67-3E81D1AA59AB}
		{52264439-FDB4-453F-8D97-CE219671A04B} = {B0F36574-C508-472A-BE67-3E81D1AA59AB}
		{85861D5C-B0A4-4E5B-9D38-0B8EF89A4A85} = {B0F36574-C508-472A-BE67-3E81D1AA59AB}
		{9E295A33-8FD9-441B-8685-456C820E684E} = {B0F36574-C508-472A-BE67-3E81D1AA59AB}
		{368D5BFB-F292-4BE7-A214-DE90BCAB8C57} = {B0F36574-C508-472A-BE67-3E81D1AA59AB}
		{C4DB4AF0-65F9-497F-A8B4-BB823FD4A029} = {B0F36574-C508-472A-BE67-3E81D1AA59AB}
		{14992278-261A-4E29-82E5-B45F09006F8A} = {B0F36574-C508-472A-BE67-3E81D1AA59AB}
	EndGlobalSection
EndGlobal
